// !$*UTF8*$!
{
	archiveVersion = 1;
	classes = {
	};
	objectVersion = 46;
	objects = {

/* Begin PBXBuildFile section */
		FEEEDB681DB54396008B98D0 /* AppDelegate.swift in Sources */ = {isa = PBXBuildFile; fileRef = FEEEDB671DB54396008B98D0 /* AppDelegate.swift */; };
		FEEEDB6A1DB54396008B98D0 /* ViewController.swift in Sources */ = {isa = PBXBuildFile; fileRef = FEEEDB691DB54396008B98D0 /* ViewController.swift */; };
		FEEEDB6D1DB54396008B98D0 /* Main.storyboard in Resources */ = {isa = PBXBuildFile; fileRef = FEEEDB6B1DB54396008B98D0 /* Main.storyboard */; };
		FEEEDB6F1DB54396008B98D0 /* Assets.xcassets in Resources */ = {isa = PBXBuildFile; fileRef = FEEEDB6E1DB54396008B98D0 /* Assets.xcassets */; };
		FEEEDB721DB54396008B98D0 /* LaunchScreen.storyboard in Resources */ = {isa = PBXBuildFile; fileRef = FEEEDB701DB54396008B98D0 /* LaunchScreen.storyboard */; };
/* End PBXBuildFile section */

/* Begin PBXFileReference section */
		FEEEDB641DB54396008B98D0 /* PageTheScroll.app */ = {isa = PBXFileReference; explicitFileType = wrapper.application; includeInIndex = 0; path = PageTheScroll.app; sourceTree = BUILT_PRODUCTS_DIR; };
		FEEEDB671DB54396008B98D0 /* AppDelegate.swift */ = {isa = PBXFileReference; lastKnownFileType = sourcecode.swift; path = AppDelegate.swift; sourceTree = "<group>"; };
		FEEEDB691DB54396008B98D0 /* ViewController.swift */ = {isa = PBXFileReference; lastKnownFileType = sourcecode.swift; path = ViewController.swift; sourceTree = "<group>"; };
		FEEEDB6C1DB54396008B98D0 /* Base */ = {isa = PBXFileReference; lastKnownFileType = file.storyboard; name = Base; path = Base.lproj/Main.storyboard; sourceTree = "<group>"; };
		FEEEDB6E1DB54396008B98D0 /* Assets.xcassets */ = {isa = PBXFileReference; lastKnownFileType = folder.assetcatalog; path = Assets.xcassets; sourceTree = "<group>"; };
		FEEEDB711DB54396008B98D0 /* Base */ = {isa = PBXFileReference; lastKnownFileType = file.storyboard; name = Base; path = Base.lproj/LaunchScreen.storyboard; sourceTree = "<group>"; };
		FEEEDB731DB54396008B98D0 /* Info.plist */ = {isa = PBXFileReference; lastKnownFileType = text.plist.xml; path = Info.plist; sourceTree = "<group>"; };
/* End PBXFileReference section */

/* Begin PBXFrameworksBuildPhase section */
		FEEEDB611DB54396008B98D0 /* Frameworks */ = {
			isa = PBXFrameworksBuildPhase;
			buildActionMask = 2147483647;
			files = (
			);
			runOnlyForDeploymentPostprocessing = 0;
		};
/* End PBXFrameworksBuildPhase section */

/* Begin PBXGroup section */
		FEEEDB5B1DB54395008B98D0 = {
			isa = PBXGroup;
			children = (
				FEEEDB661DB54396008B98D0 /* PageTheScroll */,
				FEEEDB651DB54396008B98D0 /* Products */,
			);
			sourceTree = "<group>";
		};
		FEEEDB651DB54396008B98D0 /* Products */ = {
			isa = PBXGroup;
			children = (
				FEEEDB641DB54396008B98D0 /* PageTheScroll.app */,
			);
			name = Products;
			sourceTree = "<group>";
		};
		FEEEDB661DB54396008B98D0 /* PageTheScroll */ = {
			isa = PBXGroup;
			children = (
				FEEEDB671DB54396008B98D0 /* AppDelegate.swift */,
				FEEEDB691DB54396008B98D0 /* ViewController.swift */,
				FEEEDB6B1DB54396008B98D0 /* Main.storyboard */,
				FEEEDB6E1DB54396008B98D0 /* Assets.xcassets */,
				FEEEDB701DB54396008B98D0 /* LaunchScreen.storyboard */,
				FEEEDB731DB54396008B98D0 /* Info.plist */,
			);
			path = PageTheScroll;
			sourceTree = "<group>";
		};
/* End PBXGroup section */

/* Begin PBXNativeTarget section */
		FEEEDB631DB54396008B98D0 /* PageTheScroll */ = {
			isa = PBXNativeTarget;
			buildConfigurationList = FEEEDB761DB54396008B98D0 /* Build configuration list for PBXNativeTarget "PageTheScroll" */;
			buildPhases = (
				FEEEDB601DB54396008B98D0 /* Sources */,
				FEEEDB611DB54396008B98D0 /* Frameworks */,
				FEEEDB621DB54396008B98D0 /* Resources */,
			);
			buildRules = (
			);
			dependencies = (
			);
			name = PageTheScroll;
			productName = PageTheScroll;
			productReference = FEEEDB641DB54396008B98D0 /* PageTheScroll.app */;
			productType = "com.apple.product-type.application";
		};
/* End PBXNativeTarget section */

/* Begin PBXProject section */
		FEEEDB5C1DB54396008B98D0 /* Project object */ = {
			isa = PBXProject;
			attributes = {
				LastSwiftUpdateCheck = 0800;
				LastUpgradeCheck = 0800;
				ORGANIZATIONNAME = carrtoonist;
				TargetAttributes = {
					FEEEDB631DB54396008B98D0 = {
						CreatedOnToolsVersion = 8.0;
						DevelopmentTeam = 2UZLP34WDS;
						ProvisioningStyle = Automatic;
					};
				};
			};
			buildConfigurationList = FEEEDB5F1DB54396008B98D0 /* Build configuration list for PBXProject "PageTheScroll" */;
			compatibilityVersion = "Xcode 3.2";
			developmentRegion = English;
			hasScannedForEncodings = 0;
			knownRegions = (
				en,
				Base,
			);
			mainGroup = FEEEDB5B1DB54395008B98D0;
			productRefGroup = FEEEDB651DB54396008B98D0 /* Products */;
			projectDirPath = "";
			projectRoot = "";
			targets = (
				FEEEDB631DB54396008B98D0 /* PageTheScroll */,
			);
		};
/* End PBXProject section */

/* Begin PBXResourcesBuildPhase section */
		FEEEDB621DB54396008B98D0 /* Resources */ = {
			isa = PBXResourcesBuildPhase;
			buildActionMask = 2147483647;
			files = (
				FEEEDB721DB54396008B98D0 /* LaunchScreen.storyboard in Resources */,
				FEEEDB6F1DB54396008B98D0 /* Assets.xcassets in Resources */,
				FEEEDB6D1DB54396008B98D0 /* Main.storyboard in Resources */,
			);
			runOnlyForDeploymentPostprocessing = 0;
		};
/* End PBXResourcesBuildPhase section */

/* Begin PBXSourcesBuildPhase section */
		FEEEDB601DB54396008B98D0 /* Sources */ = {
			isa = PBXSourcesBuildPhase;
			buildActionMask = 2147483647;
			files = (
				FEEEDB6A1DB54396008B98D0 /* ViewController.swift in Sources */,
				FEEEDB681DB54396008B98D0 /* AppDelegate.swift in Sources */,
			);
			runOnlyForDeploymentPostprocessing = 0;
		};
/* End PBXSourcesBuildPhase section */

/* Begin PBXVariantGroup section */
		FEEEDB6B1DB54396008B98D0 /* Main.storyboard */ = {
			isa = PBXVariantGroup;
			children = (
				FEEEDB6C1DB54396008B98D0 /* Base */,
			);
			name = Main.storyboard;
			sourceTree = "<group>";
		};
		FEEEDB701DB54396008B98D0 /* LaunchScreen.storyboard */ = {
			isa = PBXVariantGroup;
			children = (
				FEEEDB711DB54396008B98D0 /* Base */,
			);
			name = LaunchScreen.storyboard;
			sourceTree = "<group>";
		};
/* End PBXVariantGroup section */

/* Begin XCBuildConfiguration section */
		FEEEDB741DB54396008B98D0 /* Debug */ = {
			isa = XCBuildConfiguration;
			buildSettings = {
				ALWAYS_SEARCH_USER_PATHS = NO;
				CLANG_ANALYZER_NONNULL = YES;
				CLANG_CXX_LANGUAGE_STANDARD = "gnu++0x";
				CLANG_CXX_LIBRARY = "libc++";
				CLANG_ENABLE_MODULES = YES;
				CLANG_ENABLE_OBJC_ARC = YES;
				CLANG_WARN_BOOL_CONVERSION = YES;
				CLANG_WARN_CONSTANT_CONVERSION = YES;
				CLANG_WARN_DIRECT_OBJC_ISA_USAGE = YES_ERROR;
				CLANG_WARN_DOCUMENTATION_COMMENTS = YES;
				CLANG_WARN_EMPTY_BODY = YES;
				CLANG_WARN_ENUM_CONVERSION = YES;
				CLANG_WARN_INFINITE_RECURSION = YES;
				CLANG_WARN_INT_CONVERSION = YES;
				CLANG_WARN_OBJC_ROOT_CLASS = YES_ERROR;
				CLANG_WARN_SUSPICIOUS_MOVES = YES;
				CLANG_WARN_UNREACHABLE_CODE = YES;
				CLANG_WARN__DUPLICATE_METHOD_MATCH = YES;
				"CODE_SIGN_IDENTITY[sdk=iphoneos*]" = "iPhone Developer";
				COPY_PHASE_STRIP = NO;
				DEBUG_INFORMATION_FORMAT = dwarf;
				ENABLE_STRICT_OBJC_MSGSEND = YES;
				ENABLE_TESTABILITY = YES;
				GCC_C_LANGUAGE_STANDARD = gnu99;
				GCC_DYNAMIC_NO_PIC = NO;
				GCC_NO_COMMON_BLOCKS = YES;
				GCC_OPTIMIZATION_LEVEL = 0;
				GCC_PREPROCESSOR_DEFINITIONS = (
					"DEBUG=1",
					"$(inherited)",
				);
				GCC_WARN_64_TO_32_BIT_CONVERSION = YES;
				GCC_WARN_ABOUT_RETURN_TYPE = YES_ERROR;
				GCC_WARN_UNDECLARED_SELECTOR = YES;
				GCC_WARN_UNINITIALIZED_AUTOS = YES_AGGRESSIVE;
				GCC_WARN_UNUSED_FUNCTION = YES;
				GCC_WARN_UNUSED_VARIABLE = YES;
				IPHONEOS_DEPLOYMENT_TARGET = 10.0;
				MTL_ENABLE_DEBUG_INFO = YES;
				ONLY_ACTIVE_ARCH = YES;
				SDKROOT = iphoneos;
				SWIFT_ACTIVE_COMPILATION_CONDITIONS = DEBUG;
				SWIFT_OPTIMIZATION_LEVEL = "-Onone";
				TARGETED_DEVICE_FAMILY = "1,2";
			};
			name = Debug;
		};
		FEEEDB751DB54396008B98D0 /* Release */ = {
			isa = XCBuildConfiguration;
			buildSettings = {
				ALWAYS_SEARCH_USER_PATHS = NO;
				CLANG_ANALYZER_NONNULL = YES;
				CLANG_CXX_LANGUAGE_STANDARD = "gnu++0x";
				CLANG_CXX_LIBRARY = "libc++";
				CLANG_ENABLE_MODULES = YES;
				CLANG_ENABLE_OBJC_ARC = YES;
				CLANG_WARN_BOOL_CONVERSION = YES;
				CLANG_WARN_CONSTANT_CONVERSION = YES;
				CLANG_WARN_DIRECT_OBJC_ISA_USAGE = YES_ERROR;
				CLANG_WARN_DOCUMENTATION_COMMENTS = YES;
				CLANG_WARN_EMPTY_BODY = YES;
				CLANG_WARN_ENUM_CONVERSION = YES;
				CLANG_WARN_INFINITE_RECURSION = YES;
				CLANG_WARN_INT_CONVERSION = YES;
				CLANG_WARN_OBJC_ROOT_CLASS = YES_ERROR;
				CLANG_WARN_SUSPICIOUS_MOVES = YES;
				CLANG_WARN_UNREACHABLE_CODE = YES;
				CLANG_WARN__DUPLICATE_METHOD_MATCH = YES;
				"CODE_SIGN_IDENTITY[sdk=iphoneos*]" = "iPhone Developer";
				COPY_PHASE_STRIP = NO;
				DEBUG_INFORMATION_FORMAT = "dwarf-with-dsym";
				ENABLE_NS_ASSERTIONS = NO;
				ENABLE_STRICT_OBJC_MSGSEND = YES;
				GCC_C_LANGUAGE_STANDARD = gnu99;
				GCC_NO_COMMON_BLOCKS = YES;
				GCC_WARN_64_TO_32_BIT_CONVERSION = YES;
				GCC_WARN_ABOUT_RETURN_TYPE = YES_ERROR;
				GCC_WARN_UNDECLARED_SELECTOR = YES;
				GCC_WARN_UNINITIALIZED_AUTOS = YES_AGGRESSIVE;
				GCC_WARN_UNUSED_FUNCTION = YES;
				GCC_WARN_UNUSED_VARIABLE = YES;
				IPHONEOS_DEPLOYMENT_TARGET = 10.0;
				MTL_ENABLE_DEBUG_INFO = NO;
				SDKROOT = iphoneos;
				SWIFT_OPTIMIZATION_LEVEL = "-Owholemodule";
				TARGETED_DEVICE_FAMILY = "1,2";
				VALIDATE_PRODUCT = YES;
			};
			name = Release;
		};
		FEEEDB771DB54396008B98D0 /* Debug */ = {
			isa = XCBuildConfiguration;
			buildSettings = {
				ASSETCATALOG_COMPILER_APPICON_NAME = AppIcon;
				DEVELOPMENT_TEAM = 2UZLP34WDS;
				INFOPLIST_FILE = PageTheScroll/Info.plist;
				LD_RUNPATH_SEARCH_PATHS = "$(inherited) @executable_path/Frameworks";
				PRODUCT_BUNDLE_IDENTIFIER = com.carrtoonist.PageTheScroll;
				PRODUCT_NAME = "$(TARGET_NAME)";
				SWIFT_VERSION = 3.0;
			};
			name = Debug;
		};
		FEEEDB781DB54396008B98D0 /* Release */ = {
			isa = XCBuildConfiguration;
			buildSettings = {
				ASSETCATALOG_COMPILER_APPICON_NAME = AppIcon;
				DEVELOPMENT_TEAM = 2UZLP34WDS;
				INFOPLIST_FILE = PageTheScroll/Info.plist;
				LD_RUNPATH_SEARCH_PATHS = "$(inherited) @executable_path/Frameworks";
				PRODUCT_BUNDLE_IDENTIFIER = com.carrtoonist.PageTheScroll;
				PRODUCT_NAME = "$(TARGET_NAME)";
				SWIFT_VERSION = 3.0;
			};
			name = Release;
		};
/* End XCBuildConfiguration section */

/* Begin XCConfigurationList section */
		FEEEDB5F1DB54396008B98D0 /* Build configuration list for PBXProject "PageTheScroll" */ = {
			isa = XCConfigurationList;
			buildConfigurations = (
				FEEEDB741DB54396008B98D0 /* Debug */,
				FEEEDB751DB54396008B98D0 /* Release */,
			);
			defaultConfigurationIsVisible = 0;
			defaultConfigurationName = Release;
		};
		FEEEDB761DB54396008B98D0 /* Build configuration list for PBXNativeTarget "PageTheScroll" */ = {
			isa = XCConfigurationList;
			buildConfigurations = (
				FEEEDB771DB54396008B98D0 /* Debug */,
				FEEEDB781DB54396008B98D0 /* Release */,
			);
			defaultConfigurationIsVisible = 0;
		};
/* End XCConfigurationList section */
	};
	rootObject = FEEEDB5C1DB54396008B98D0 /* Project object */;
}
