// !$*UTF8*$!
{
	archiveVersion = 1;
	classes = {
	};
	objectVersion = 46;
	objects = {

/* Begin PBXBuildFile section */
		FE313F971DCB6EA20033B068 /* AppDelegate.swift in Sources */ = {isa = PBXBuildFile; fileRef = FE313F961DCB6EA20033B068 /* AppDelegate.swift */; };
		FE313F991DCB6EA20033B068 /* MainVC.swift in Sources */ = {isa = PBXBuildFile; fileRef = FE313F981DCB6EA20033B068 /* MainVC.swift */; };
		FE313F9C1DCB6EA20033B068 /* Main.storyboard in Resources */ = {isa = PBXBuildFile; fileRef = FE313F9A1DCB6EA20033B068 /* Main.storyboard */; };
		FE313F9F1DCB6EA20033B068 /* DreamLister.xcdatamodeld in Sources */ = {isa = PBXBuildFile; fileRef = FE313F9D1DCB6EA20033B068 /* DreamLister.xcdatamodeld */; };
		FE313FA11DCB6EA20033B068 /* Assets.xcassets in Resources */ = {isa = PBXBuildFile; fileRef = FE313FA01DCB6EA20033B068 /* Assets.xcassets */; };
		FE313FA41DCB6EA20033B068 /* LaunchScreen.storyboard in Resources */ = {isa = PBXBuildFile; fileRef = FE313FA21DCB6EA20033B068 /* LaunchScreen.storyboard */; };
		FE313FD01DCCC6040033B068 /* MaterialView.swift in Sources */ = {isa = PBXBuildFile; fileRef = FE313FCF1DCCC6040033B068 /* MaterialView.swift */; };
		FE313FD91DCCC8930033B068 /* Store+CoreDataClass.swift in Sources */ = {isa = PBXBuildFile; fileRef = FE313FD11DCCC8930033B068 /* Store+CoreDataClass.swift */; };
		FE313FDA1DCCC8930033B068 /* Store+CoreDataProperties.swift in Sources */ = {isa = PBXBuildFile; fileRef = FE313FD21DCCC8930033B068 /* Store+CoreDataProperties.swift */; };
		FE313FDB1DCCC8930033B068 /* ItemType+CoreDataClass.swift in Sources */ = {isa = PBXBuildFile; fileRef = FE313FD31DCCC8930033B068 /* ItemType+CoreDataClass.swift */; };
		FE313FDC1DCCC8930033B068 /* ItemType+CoreDataProperties.swift in Sources */ = {isa = PBXBuildFile; fileRef = FE313FD41DCCC8930033B068 /* ItemType+CoreDataProperties.swift */; };
		FE313FDD1DCCC8930033B068 /* Image+CoreDataClass.swift in Sources */ = {isa = PBXBuildFile; fileRef = FE313FD51DCCC8930033B068 /* Image+CoreDataClass.swift */; };
		FE313FDE1DCCC8930033B068 /* Image+CoreDataProperties.swift in Sources */ = {isa = PBXBuildFile; fileRef = FE313FD61DCCC8930033B068 /* Image+CoreDataProperties.swift */; };
		FE313FDF1DCCC8930033B068 /* Item+CoreDataClass.swift in Sources */ = {isa = PBXBuildFile; fileRef = FE313FD71DCCC8930033B068 /* Item+CoreDataClass.swift */; };
		FE313FE01DCCC8930033B068 /* Item+CoreDataProperties.swift in Sources */ = {isa = PBXBuildFile; fileRef = FE313FD81DCCC8930033B068 /* Item+CoreDataProperties.swift */; };
		FE68541E1DD0CB55002E2423 /* ItemCell.swift in Sources */ = {isa = PBXBuildFile; fileRef = FE68541D1DD0CB55002E2423 /* ItemCell.swift */; };
		FE6854211DD4BAF8002E2423 /* ItemDetailsVC.swift in Sources */ = {isa = PBXBuildFile; fileRef = FE6854201DD4BAF8002E2423 /* ItemDetailsVC.swift */; };
		FE6854231DD4C102002E2423 /* CustomTextField.swift in Sources */ = {isa = PBXBuildFile; fileRef = FE6854221DD4C102002E2423 /* CustomTextField.swift */; };
/* End PBXBuildFile section */

/* Begin PBXFileReference section */
		FE313F931DCB6EA20033B068 /* DreamLister.app */ = {isa = PBXFileReference; explicitFileType = wrapper.application; includeInIndex = 0; path = DreamLister.app; sourceTree = BUILT_PRODUCTS_DIR; };
		FE313F961DCB6EA20033B068 /* AppDelegate.swift */ = {isa = PBXFileReference; lastKnownFileType = sourcecode.swift; path = AppDelegate.swift; sourceTree = "<group>"; };
		FE313F981DCB6EA20033B068 /* MainVC.swift */ = {isa = PBXFileReference; lastKnownFileType = sourcecode.swift; path = MainVC.swift; sourceTree = "<group>"; };
		FE313F9B1DCB6EA20033B068 /* Base */ = {isa = PBXFileReference; lastKnownFileType = file.storyboard; name = Base; path = Base.lproj/Main.storyboard; sourceTree = "<group>"; };
		FE313F9E1DCB6EA20033B068 /* DreamLister.xcdatamodel */ = {isa = PBXFileReference; lastKnownFileType = wrapper.xcdatamodel; path = DreamLister.xcdatamodel; sourceTree = "<group>"; };
		FE313FA01DCB6EA20033B068 /* Assets.xcassets */ = {isa = PBXFileReference; lastKnownFileType = folder.assetcatalog; path = Assets.xcassets; sourceTree = "<group>"; };
		FE313FA31DCB6EA20033B068 /* Base */ = {isa = PBXFileReference; lastKnownFileType = file.storyboard; name = Base; path = Base.lproj/LaunchScreen.storyboard; sourceTree = "<group>"; };
		FE313FA51DCB6EA20033B068 /* Info.plist */ = {isa = PBXFileReference; lastKnownFileType = text.plist.xml; path = Info.plist; sourceTree = "<group>"; };
		FE313FCF1DCCC6040033B068 /* MaterialView.swift */ = {isa = PBXFileReference; fileEncoding = 4; lastKnownFileType = sourcecode.swift; path = MaterialView.swift; sourceTree = "<group>"; };
		FE313FD11DCCC8930033B068 /* Store+CoreDataClass.swift */ = {isa = PBXFileReference; fileEncoding = 4; lastKnownFileType = sourcecode.swift; name = "Store+CoreDataClass.swift"; path = "../Store+CoreDataClass.swift"; sourceTree = "<group>"; };
		FE313FD21DCCC8930033B068 /* Store+CoreDataProperties.swift */ = {isa = PBXFileReference; fileEncoding = 4; lastKnownFileType = sourcecode.swift; name = "Store+CoreDataProperties.swift"; path = "../Store+CoreDataProperties.swift"; sourceTree = "<group>"; };
		FE313FD31DCCC8930033B068 /* ItemType+CoreDataClass.swift */ = {isa = PBXFileReference; fileEncoding = 4; lastKnownFileType = sourcecode.swift; name = "ItemType+CoreDataClass.swift"; path = "../ItemType+CoreDataClass.swift"; sourceTree = "<group>"; };
		FE313FD41DCCC8930033B068 /* ItemType+CoreDataProperties.swift */ = {isa = PBXFileReference; fileEncoding = 4; lastKnownFileType = sourcecode.swift; name = "ItemType+CoreDataProperties.swift"; path = "../ItemType+CoreDataProperties.swift"; sourceTree = "<group>"; };
		FE313FD51DCCC8930033B068 /* Image+CoreDataClass.swift */ = {isa = PBXFileReference; fileEncoding = 4; lastKnownFileType = sourcecode.swift; name = "Image+CoreDataClass.swift"; path = "../Image+CoreDataClass.swift"; sourceTree = "<group>"; };
		FE313FD61DCCC8930033B068 /* Image+CoreDataProperties.swift */ = {isa = PBXFileReference; fileEncoding = 4; lastKnownFileType = sourcecode.swift; name = "Image+CoreDataProperties.swift"; path = "../Image+CoreDataProperties.swift"; sourceTree = "<group>"; };
		FE313FD71DCCC8930033B068 /* Item+CoreDataClass.swift */ = {isa = PBXFileReference; fileEncoding = 4; lastKnownFileType = sourcecode.swift; name = "Item+CoreDataClass.swift"; path = "../Item+CoreDataClass.swift"; sourceTree = "<group>"; };
		FE313FD81DCCC8930033B068 /* Item+CoreDataProperties.swift */ = {isa = PBXFileReference; fileEncoding = 4; lastKnownFileType = sourcecode.swift; name = "Item+CoreDataProperties.swift"; path = "../Item+CoreDataProperties.swift"; sourceTree = "<group>"; };
		FE68541D1DD0CB55002E2423 /* ItemCell.swift */ = {isa = PBXFileReference; fileEncoding = 4; lastKnownFileType = sourcecode.swift; path = ItemCell.swift; sourceTree = "<group>"; };
		FE6854201DD4BAF8002E2423 /* ItemDetailsVC.swift */ = {isa = PBXFileReference; fileEncoding = 4; lastKnownFileType = sourcecode.swift; path = ItemDetailsVC.swift; sourceTree = "<group>"; };
		FE6854221DD4C102002E2423 /* CustomTextField.swift */ = {isa = PBXFileReference; fileEncoding = 4; lastKnownFileType = sourcecode.swift; path = CustomTextField.swift; sourceTree = "<group>"; };
/* End PBXFileReference section */

/* Begin PBXFrameworksBuildPhase section */
		FE313F901DCB6EA20033B068 /* Frameworks */ = {
			isa = PBXFrameworksBuildPhase;
			buildActionMask = 2147483647;
			files = (
			);
			runOnlyForDeploymentPostprocessing = 0;
		};
/* End PBXFrameworksBuildPhase section */

/* Begin PBXGroup section */
		FE313F8A1DCB6EA20033B068 = {
			isa = PBXGroup;
			children = (
				FE313F951DCB6EA20033B068 /* DreamLister */,
				FE313F941DCB6EA20033B068 /* Products */,
			);
			sourceTree = "<group>";
		};
		FE313F941DCB6EA20033B068 /* Products */ = {
			isa = PBXGroup;
			children = (
				FE313F931DCB6EA20033B068 /* DreamLister.app */,
			);
			name = Products;
			sourceTree = "<group>";
		};
		FE313F951DCB6EA20033B068 /* DreamLister */ = {
			isa = PBXGroup;
			children = (
				FE68541F1DD4BAE2002E2423 /* Controller */,
				FE313FBC1DCB73740033B068 /* View */,
				FE313FBB1DCB736F0033B068 /* Model */,
				FE313F961DCB6EA20033B068 /* AppDelegate.swift */,
				FE313F9A1DCB6EA20033B068 /* Main.storyboard */,
				FE313FA01DCB6EA20033B068 /* Assets.xcassets */,
				FE313FA21DCB6EA20033B068 /* LaunchScreen.storyboard */,
				FE313FA51DCB6EA20033B068 /* Info.plist */,
				FE313F9D1DCB6EA20033B068 /* DreamLister.xcdatamodeld */,
			);
			path = DreamLister;
			sourceTree = "<group>";
		};
		FE313FBB1DCB736F0033B068 /* Model */ = {
			isa = PBXGroup;
			children = (
				FE313FD11DCCC8930033B068 /* Store+CoreDataClass.swift */,
				FE313FD31DCCC8930033B068 /* ItemType+CoreDataClass.swift */,
				FE313FD51DCCC8930033B068 /* Image+CoreDataClass.swift */,
				FE313FD71DCCC8930033B068 /* Item+CoreDataClass.swift */,
				FE313FBD1DCB737F0033B068 /* Generated */,
			);
			name = Model;
			sourceTree = "<group>";
		};
		FE313FBC1DCB73740033B068 /* View */ = {
			isa = PBXGroup;
			children = (
				FE313FCF1DCCC6040033B068 /* MaterialView.swift */,
				FE68541D1DD0CB55002E2423 /* ItemCell.swift */,
				FE6854221DD4C102002E2423 /* CustomTextField.swift */,
			);
			name = View;
			sourceTree = "<group>";
		};
		FE313FBD1DCB737F0033B068 /* Generated */ = {
			isa = PBXGroup;
			children = (
				FE313FD21DCCC8930033B068 /* Store+CoreDataProperties.swift */,
				FE313FD41DCCC8930033B068 /* ItemType+CoreDataProperties.swift */,
				FE313FD61DCCC8930033B068 /* Image+CoreDataProperties.swift */,
				FE313FD81DCCC8930033B068 /* Item+CoreDataProperties.swift */,
			);
			name = Generated;
			sourceTree = "<group>";
		};
		FE68541F1DD4BAE2002E2423 /* Controller */ = {
			isa = PBXGroup;
			children = (
				FE313F981DCB6EA20033B068 /* MainVC.swift */,
				FE6854201DD4BAF8002E2423 /* ItemDetailsVC.swift */,
			);
			name = Controller;
			sourceTree = "<group>";
		};
/* End PBXGroup section */

/* Begin PBXNativeTarget section */
		FE313F921DCB6EA20033B068 /* DreamLister */ = {
			isa = PBXNativeTarget;
			buildConfigurationList = FE313FA81DCB6EA30033B068 /* Build configuration list for PBXNativeTarget "DreamLister" */;
			buildPhases = (
				FE313F8F1DCB6EA20033B068 /* Sources */,
				FE313F901DCB6EA20033B068 /* Frameworks */,
				FE313F911DCB6EA20033B068 /* Resources */,
			);
			buildRules = (
			);
			dependencies = (
			);
			name = DreamLister;
			productName = DreamLister;
			productReference = FE313F931DCB6EA20033B068 /* DreamLister.app */;
			productType = "com.apple.product-type.application";
		};
/* End PBXNativeTarget section */

/* Begin PBXProject section */
		FE313F8B1DCB6EA20033B068 /* Project object */ = {
			isa = PBXProject;
			attributes = {
				LastSwiftUpdateCheck = 0810;
				LastUpgradeCheck = 0810;
				ORGANIZATIONNAME = carrtoonist;
				TargetAttributes = {
					FE313F921DCB6EA20033B068 = {
						CreatedOnToolsVersion = 8.1;
						DevelopmentTeam = 2UZLP34WDS;
						ProvisioningStyle = Automatic;
					};
				};
			};
			buildConfigurationList = FE313F8E1DCB6EA20033B068 /* Build configuration list for PBXProject "DreamLister" */;
			compatibilityVersion = "Xcode 3.2";
			developmentRegion = English;
			hasScannedForEncodings = 0;
			knownRegions = (
				en,
				Base,
			);
			mainGroup = FE313F8A1DCB6EA20033B068;
			productRefGroup = FE313F941DCB6EA20033B068 /* Products */;
			projectDirPath = "";
			projectRoot = "";
			targets = (
				FE313F921DCB6EA20033B068 /* DreamLister */,
			);
		};
/* End PBXProject section */

/* Begin PBXResourcesBuildPhase section */
		FE313F911DCB6EA20033B068 /* Resources */ = {
			isa = PBXResourcesBuildPhase;
			buildActionMask = 2147483647;
			files = (
				FE313FA41DCB6EA20033B068 /* LaunchScreen.storyboard in Resources */,
				FE313FA11DCB6EA20033B068 /* Assets.xcassets in Resources */,
				FE313F9C1DCB6EA20033B068 /* Main.storyboard in Resources */,
			);
			runOnlyForDeploymentPostprocessing = 0;
		};
/* End PBXResourcesBuildPhase section */

/* Begin PBXSourcesBuildPhase section */
		FE313F8F1DCB6EA20033B068 /* Sources */ = {
			isa = PBXSourcesBuildPhase;
			buildActionMask = 2147483647;
			files = (
				FE68541E1DD0CB55002E2423 /* ItemCell.swift in Sources */,
				FE313FDD1DCCC8930033B068 /* Image+CoreDataClass.swift in Sources */,
				FE313FDE1DCCC8930033B068 /* Image+CoreDataProperties.swift in Sources */,
				FE313FDC1DCCC8930033B068 /* ItemType+CoreDataProperties.swift in Sources */,
				FE313F991DCB6EA20033B068 /* MainVC.swift in Sources */,
				FE313FDA1DCCC8930033B068 /* Store+CoreDataProperties.swift in Sources */,
				FE313FDF1DCCC8930033B068 /* Item+CoreDataClass.swift in Sources */,
				FE313FE01DCCC8930033B068 /* Item+CoreDataProperties.swift in Sources */,
				FE6854211DD4BAF8002E2423 /* ItemDetailsVC.swift in Sources */,
				FE313FDB1DCCC8930033B068 /* ItemType+CoreDataClass.swift in Sources */,
				FE313F971DCB6EA20033B068 /* AppDelegate.swift in Sources */,
				FE313FD91DCCC8930033B068 /* Store+CoreDataClass.swift in Sources */,
				FE313F9F1DCB6EA20033B068 /* DreamLister.xcdatamodeld in Sources */,
				FE313FD01DCCC6040033B068 /* MaterialView.swift in Sources */,
				FE6854231DD4C102002E2423 /* CustomTextField.swift in Sources */,
			);
			runOnlyForDeploymentPostprocessing = 0;
		};
/* End PBXSourcesBuildPhase section */

/* Begin PBXVariantGroup section */
		FE313F9A1DCB6EA20033B068 /* Main.storyboard */ = {
			isa = PBXVariantGroup;
			children = (
				FE313F9B1DCB6EA20033B068 /* Base */,
			);
			name = Main.storyboard;
			sourceTree = "<group>";
		};
		FE313FA21DCB6EA20033B068 /* LaunchScreen.storyboard */ = {
			isa = PBXVariantGroup;
			children = (
				FE313FA31DCB6EA20033B068 /* Base */,
			);
			name = LaunchScreen.storyboard;
			sourceTree = "<group>";
		};
/* End PBXVariantGroup section */

/* Begin XCBuildConfiguration section */
		FE313FA61DCB6EA30033B068 /* Debug */ = {
			isa = XCBuildConfiguration;
			buildSettings = {
				ALWAYS_SEARCH_USER_PATHS = NO;
				CLANG_ANALYZER_NONNULL = YES;
				CLANG_CXX_LANGUAGE_STANDARD = "gnu++0x";
				CLANG_CXX_LIBRARY = "libc++";
				CLANG_ENABLE_MODULES = YES;
				CLANG_ENABLE_OBJC_ARC = YES;
				CLANG_WARN_BOOL_CONVERSION = YES;
				CLANG_WARN_CONSTANT_CONVERSION = YES;
				CLANG_WARN_DIRECT_OBJC_ISA_USAGE = YES_ERROR;
				CLANG_WARN_DOCUMENTATION_COMMENTS = YES;
				CLANG_WARN_EMPTY_BODY = YES;
				CLANG_WARN_ENUM_CONVERSION = YES;
				CLANG_WARN_INFINITE_RECURSION = YES;
				CLANG_WARN_INT_CONVERSION = YES;
				CLANG_WARN_OBJC_ROOT_CLASS = YES_ERROR;
				CLANG_WARN_SUSPICIOUS_MOVES = YES;
				CLANG_WARN_UNREACHABLE_CODE = YES;
				CLANG_WARN__DUPLICATE_METHOD_MATCH = YES;
				"CODE_SIGN_IDENTITY[sdk=iphoneos*]" = "iPhone Developer";
				COPY_PHASE_STRIP = NO;
				DEBUG_INFORMATION_FORMAT = dwarf;
				ENABLE_STRICT_OBJC_MSGSEND = YES;
				ENABLE_TESTABILITY = YES;
				GCC_C_LANGUAGE_STANDARD = gnu99;
				GCC_DYNAMIC_NO_PIC = NO;
				GCC_NO_COMMON_BLOCKS = YES;
				GCC_OPTIMIZATION_LEVEL = 0;
				GCC_PREPROCESSOR_DEFINITIONS = (
					"DEBUG=1",
					"$(inherited)",
				);
				GCC_WARN_64_TO_32_BIT_CONVERSION = YES;
				GCC_WARN_ABOUT_RETURN_TYPE = YES_ERROR;
				GCC_WARN_UNDECLARED_SELECTOR = YES;
				GCC_WARN_UNINITIALIZED_AUTOS = YES_AGGRESSIVE;
				GCC_WARN_UNUSED_FUNCTION = YES;
				GCC_WARN_UNUSED_VARIABLE = YES;
				IPHONEOS_DEPLOYMENT_TARGET = 10.1;
				MTL_ENABLE_DEBUG_INFO = YES;
				ONLY_ACTIVE_ARCH = YES;
				SDKROOT = iphoneos;
				SWIFT_ACTIVE_COMPILATION_CONDITIONS = DEBUG;
				SWIFT_OPTIMIZATION_LEVEL = "-Onone";
				TARGETED_DEVICE_FAMILY = "1,2";
			};
			name = Debug;
		};
		FE313FA71DCB6EA30033B068 /* Release */ = {
			isa = XCBuildConfiguration;
			buildSettings = {
				ALWAYS_SEARCH_USER_PATHS = NO;
				CLANG_ANALYZER_NONNULL = YES;
				CLANG_CXX_LANGUAGE_STANDARD = "gnu++0x";
				CLANG_CXX_LIBRARY = "libc++";
				CLANG_ENABLE_MODULES = YES;
				CLANG_ENABLE_OBJC_ARC = YES;
				CLANG_WARN_BOOL_CONVERSION = YES;
				CLANG_WARN_CONSTANT_CONVERSION = YES;
				CLANG_WARN_DIRECT_OBJC_ISA_USAGE = YES_ERROR;
				CLANG_WARN_DOCUMENTATION_COMMENTS = YES;
				CLANG_WARN_EMPTY_BODY = YES;
				CLANG_WARN_ENUM_CONVERSION = YES;
				CLANG_WARN_INFINITE_RECURSION = YES;
				CLANG_WARN_INT_CONVERSION = YES;
				CLANG_WARN_OBJC_ROOT_CLASS = YES_ERROR;
				CLANG_WARN_SUSPICIOUS_MOVES = YES;
				CLANG_WARN_UNREACHABLE_CODE = YES;
				CLANG_WARN__DUPLICATE_METHOD_MATCH = YES;
				"CODE_SIGN_IDENTITY[sdk=iphoneos*]" = "iPhone Developer";
				COPY_PHASE_STRIP = NO;
				DEBUG_INFORMATION_FORMAT = "dwarf-with-dsym";
				ENABLE_NS_ASSERTIONS = NO;
				ENABLE_STRICT_OBJC_MSGSEND = YES;
				GCC_C_LANGUAGE_STANDARD = gnu99;
				GCC_NO_COMMON_BLOCKS = YES;
				GCC_WARN_64_TO_32_BIT_CONVERSION = YES;
				GCC_WARN_ABOUT_RETURN_TYPE = YES_ERROR;
				GCC_WARN_UNDECLARED_SELECTOR = YES;
				GCC_WARN_UNINITIALIZED_AUTOS = YES_AGGRESSIVE;
				GCC_WARN_UNUSED_FUNCTION = YES;
				GCC_WARN_UNUSED_VARIABLE = YES;
				IPHONEOS_DEPLOYMENT_TARGET = 10.1;
				MTL_ENABLE_DEBUG_INFO = NO;
				SDKROOT = iphoneos;
				SWIFT_OPTIMIZATION_LEVEL = "-Owholemodule";
				TARGETED_DEVICE_FAMILY = "1,2";
				VALIDATE_PRODUCT = YES;
			};
			name = Release;
		};
		FE313FA91DCB6EA30033B068 /* Debug */ = {
			isa = XCBuildConfiguration;
			buildSettings = {
				ASSETCATALOG_COMPILER_APPICON_NAME = AppIcon;
				DEVELOPMENT_TEAM = 2UZLP34WDS;
				INFOPLIST_FILE = DreamLister/Info.plist;
				LD_RUNPATH_SEARCH_PATHS = "$(inherited) @executable_path/Frameworks";
				PRODUCT_BUNDLE_IDENTIFIER = com.carrtoonist.DreamLister;
				PRODUCT_NAME = "$(TARGET_NAME)";
				SWIFT_VERSION = 3.0;
			};
			name = Debug;
		};
		FE313FAA1DCB6EA30033B068 /* Release */ = {
			isa = XCBuildConfiguration;
			buildSettings = {
				ASSETCATALOG_COMPILER_APPICON_NAME = AppIcon;
				DEVELOPMENT_TEAM = 2UZLP34WDS;
				INFOPLIST_FILE = DreamLister/Info.plist;
				LD_RUNPATH_SEARCH_PATHS = "$(inherited) @executable_path/Frameworks";
				PRODUCT_BUNDLE_IDENTIFIER = com.carrtoonist.DreamLister;
				PRODUCT_NAME = "$(TARGET_NAME)";
				SWIFT_VERSION = 3.0;
			};
			name = Release;
		};
/* End XCBuildConfiguration section */

/* Begin XCConfigurationList section */
		FE313F8E1DCB6EA20033B068 /* Build configuration list for PBXProject "DreamLister" */ = {
			isa = XCConfigurationList;
			buildConfigurations = (
				FE313FA61DCB6EA30033B068 /* Debug */,
				FE313FA71DCB6EA30033B068 /* Release */,
			);
			defaultConfigurationIsVisible = 0;
			defaultConfigurationName = Release;
		};
		FE313FA81DCB6EA30033B068 /* Build configuration list for PBXNativeTarget "DreamLister" */ = {
			isa = XCConfigurationList;
			buildConfigurations = (
				FE313FA91DCB6EA30033B068 /* Debug */,
				FE313FAA1DCB6EA30033B068 /* Release */,
			);
			defaultConfigurationIsVisible = 0;
			defaultConfigurationName = Release;
		};
/* End XCConfigurationList section */

/* Begin XCVersionGroup section */
		FE313F9D1DCB6EA20033B068 /* DreamLister.xcdatamodeld */ = {
			isa = XCVersionGroup;
			children = (
				FE313F9E1DCB6EA20033B068 /* DreamLister.xcdatamodel */,
			);
			currentVersion = FE313F9E1DCB6EA20033B068 /* DreamLister.xcdatamodel */;
			path = DreamLister.xcdatamodeld;
			sourceTree = "<group>";
			versionGroupType = wrapper.xcdatamodel;
		};
/* End XCVersionGroup section */
	};
	rootObject = FE313F8B1DCB6EA20033B068 /* Project object */;
}
