// !$*UTF8*$!
{
	archiveVersion = 1;
	classes = {
	};
	objectVersion = 46;
	objects = {

/* Begin PBXBuildFile section */
		FE32874E1DC0F39200F170E3 /* AppDelegate.swift in Sources */ = {isa = PBXBuildFile; fileRef = FE32874D1DC0F39200F170E3 /* AppDelegate.swift */; };
		FE3287501DC0F39200F170E3 /* ViewController.swift in Sources */ = {isa = PBXBuildFile; fileRef = FE32874F1DC0F39200F170E3 /* ViewController.swift */; };
		FE3287531DC0F39200F170E3 /* Main.storyboard in Resources */ = {isa = PBXBuildFile; fileRef = FE3287511DC0F39200F170E3 /* Main.storyboard */; };
		FE3287551DC0F39200F170E3 /* Assets.xcassets in Resources */ = {isa = PBXBuildFile; fileRef = FE3287541DC0F39200F170E3 /* Assets.xcassets */; };
		FE3287581DC0F39200F170E3 /* LaunchScreen.storyboard in Resources */ = {isa = PBXBuildFile; fileRef = FE3287561DC0F39200F170E3 /* LaunchScreen.storyboard */; };
/* End PBXBuildFile section */

/* Begin PBXFileReference section */
		FE32874A1DC0F39200F170E3 /* AutoLayoutExercise.app */ = {isa = PBXFileReference; explicitFileType = wrapper.application; includeInIndex = 0; path = AutoLayoutExercise.app; sourceTree = BUILT_PRODUCTS_DIR; };
		FE32874D1DC0F39200F170E3 /* AppDelegate.swift */ = {isa = PBXFileReference; lastKnownFileType = sourcecode.swift; path = AppDelegate.swift; sourceTree = "<group>"; };
		FE32874F1DC0F39200F170E3 /* ViewController.swift */ = {isa = PBXFileReference; lastKnownFileType = sourcecode.swift; path = ViewController.swift; sourceTree = "<group>"; };
		FE3287521DC0F39200F170E3 /* Base */ = {isa = PBXFileReference; lastKnownFileType = file.storyboard; name = Base; path = Base.lproj/Main.storyboard; sourceTree = "<group>"; };
		FE3287541DC0F39200F170E3 /* Assets.xcassets */ = {isa = PBXFileReference; lastKnownFileType = folder.assetcatalog; path = Assets.xcassets; sourceTree = "<group>"; };
		FE3287571DC0F39200F170E3 /* Base */ = {isa = PBXFileReference; lastKnownFileType = file.storyboard; name = Base; path = Base.lproj/LaunchScreen.storyboard; sourceTree = "<group>"; };
		FE3287591DC0F39200F170E3 /* Info.plist */ = {isa = PBXFileReference; lastKnownFileType = text.plist.xml; path = Info.plist; sourceTree = "<group>"; };
/* End PBXFileReference section */

/* Begin PBXFrameworksBuildPhase section */
		FE3287471DC0F39200F170E3 /* Frameworks */ = {
			isa = PBXFrameworksBuildPhase;
			buildActionMask = 2147483647;
			files = (
			);
			runOnlyForDeploymentPostprocessing = 0;
		};
/* End PBXFrameworksBuildPhase section */

/* Begin PBXGroup section */
		FE3287411DC0F39200F170E3 = {
			isa = PBXGroup;
			children = (
				FE32874C1DC0F39200F170E3 /* AutoLayoutExercise */,
				FE32874B1DC0F39200F170E3 /* Products */,
			);
			sourceTree = "<group>";
		};
		FE32874B1DC0F39200F170E3 /* Products */ = {
			isa = PBXGroup;
			children = (
				FE32874A1DC0F39200F170E3 /* AutoLayoutExercise.app */,
			);
			name = Products;
			sourceTree = "<group>";
		};
		FE32874C1DC0F39200F170E3 /* AutoLayoutExercise */ = {
			isa = PBXGroup;
			children = (
				FE32874D1DC0F39200F170E3 /* AppDelegate.swift */,
				FE32874F1DC0F39200F170E3 /* ViewController.swift */,
				FE3287511DC0F39200F170E3 /* Main.storyboard */,
				FE3287541DC0F39200F170E3 /* Assets.xcassets */,
				FE3287561DC0F39200F170E3 /* LaunchScreen.storyboard */,
				FE3287591DC0F39200F170E3 /* Info.plist */,
			);
			path = AutoLayoutExercise;
			sourceTree = "<group>";
		};
/* End PBXGroup section */

/* Begin PBXNativeTarget section */
		FE3287491DC0F39200F170E3 /* AutoLayoutExercise */ = {
			isa = PBXNativeTarget;
			buildConfigurationList = FE32875C1DC0F39200F170E3 /* Build configuration list for PBXNativeTarget "AutoLayoutExercise" */;
			buildPhases = (
				FE3287461DC0F39200F170E3 /* Sources */,
				FE3287471DC0F39200F170E3 /* Frameworks */,
				FE3287481DC0F39200F170E3 /* Resources */,
			);
			buildRules = (
			);
			dependencies = (
			);
			name = AutoLayoutExercise;
			productName = AutoLayoutExercise;
			productReference = FE32874A1DC0F39200F170E3 /* AutoLayoutExercise.app */;
			productType = "com.apple.product-type.application";
		};
/* End PBXNativeTarget section */

/* Begin PBXProject section */
		FE3287421DC0F39200F170E3 /* Project object */ = {
			isa = PBXProject;
			attributes = {
				LastSwiftUpdateCheck = 0800;
				LastUpgradeCheck = 0800;
				ORGANIZATIONNAME = carrtoonist;
				TargetAttributes = {
					FE3287491DC0F39200F170E3 = {
						CreatedOnToolsVersion = 8.0;
						DevelopmentTeam = 2UZLP34WDS;
						ProvisioningStyle = Automatic;
					};
				};
			};
			buildConfigurationList = FE3287451DC0F39200F170E3 /* Build configuration list for PBXProject "AutoLayoutExercise" */;
			compatibilityVersion = "Xcode 3.2";
			developmentRegion = English;
			hasScannedForEncodings = 0;
			knownRegions = (
				en,
				Base,
			);
			mainGroup = FE3287411DC0F39200F170E3;
			productRefGroup = FE32874B1DC0F39200F170E3 /* Products */;
			projectDirPath = "";
			projectRoot = "";
			targets = (
				FE3287491DC0F39200F170E3 /* AutoLayoutExercise */,
			);
		};
/* End PBXProject section */

/* Begin PBXResourcesBuildPhase section */
		FE3287481DC0F39200F170E3 /* Resources */ = {
			isa = PBXResourcesBuildPhase;
			buildActionMask = 2147483647;
			files = (
				FE3287581DC0F39200F170E3 /* LaunchScreen.storyboard in Resources */,
				FE3287551DC0F39200F170E3 /* Assets.xcassets in Resources */,
				FE3287531DC0F39200F170E3 /* Main.storyboard in Resources */,
			);
			runOnlyForDeploymentPostprocessing = 0;
		};
/* End PBXResourcesBuildPhase section */

/* Begin PBXSourcesBuildPhase section */
		FE3287461DC0F39200F170E3 /* Sources */ = {
			isa = PBXSourcesBuildPhase;
			buildActionMask = 2147483647;
			files = (
				FE3287501DC0F39200F170E3 /* ViewController.swift in Sources */,
				FE32874E1DC0F39200F170E3 /* AppDelegate.swift in Sources */,
			);
			runOnlyForDeploymentPostprocessing = 0;
		};
/* End PBXSourcesBuildPhase section */

/* Begin PBXVariantGroup section */
		FE3287511DC0F39200F170E3 /* Main.storyboard */ = {
			isa = PBXVariantGroup;
			children = (
				FE3287521DC0F39200F170E3 /* Base */,
			);
			name = Main.storyboard;
			sourceTree = "<group>";
		};
		FE3287561DC0F39200F170E3 /* LaunchScreen.storyboard */ = {
			isa = PBXVariantGroup;
			children = (
				FE3287571DC0F39200F170E3 /* Base */,
			);
			name = LaunchScreen.storyboard;
			sourceTree = "<group>";
		};
/* End PBXVariantGroup section */

/* Begin XCBuildConfiguration section */
		FE32875A1DC0F39200F170E3 /* Debug */ = {
			isa = XCBuildConfiguration;
			buildSettings = {
				ALWAYS_SEARCH_USER_PATHS = NO;
				CLANG_ANALYZER_NONNULL = YES;
				CLANG_CXX_LANGUAGE_STANDARD = "gnu++0x";
				CLANG_CXX_LIBRARY = "libc++";
				CLANG_ENABLE_MODULES = YES;
				CLANG_ENABLE_OBJC_ARC = YES;
				CLANG_WARN_BOOL_CONVERSION = YES;
				CLANG_WARN_CONSTANT_CONVERSION = YES;
				CLANG_WARN_DIRECT_OBJC_ISA_USAGE = YES_ERROR;
				CLANG_WARN_DOCUMENTATION_COMMENTS = YES;
				CLANG_WARN_EMPTY_BODY = YES;
				CLANG_WARN_ENUM_CONVERSION = YES;
				CLANG_WARN_INFINITE_RECURSION = YES;
				CLANG_WARN_INT_CONVERSION = YES;
				CLANG_WARN_OBJC_ROOT_CLASS = YES_ERROR;
				CLANG_WARN_SUSPICIOUS_MOVES = YES;
				CLANG_WARN_UNREACHABLE_CODE = YES;
				CLANG_WARN__DUPLICATE_METHOD_MATCH = YES;
				"CODE_SIGN_IDENTITY[sdk=iphoneos*]" = "iPhone Developer";
				COPY_PHASE_STRIP = NO;
				DEBUG_INFORMATION_FORMAT = dwarf;
				ENABLE_STRICT_OBJC_MSGSEND = YES;
				ENABLE_TESTABILITY = YES;
				GCC_C_LANGUAGE_STANDARD = gnu99;
				GCC_DYNAMIC_NO_PIC = NO;
				GCC_NO_COMMON_BLOCKS = YES;
				GCC_OPTIMIZATION_LEVEL = 0;
				GCC_PREPROCESSOR_DEFINITIONS = (
					"DEBUG=1",
					"$(inherited)",
				);
				GCC_WARN_64_TO_32_BIT_CONVERSION = YES;
				GCC_WARN_ABOUT_RETURN_TYPE = YES_ERROR;
				GCC_WARN_UNDECLARED_SELECTOR = YES;
				GCC_WARN_UNINITIALIZED_AUTOS = YES_AGGRESSIVE;
				GCC_WARN_UNUSED_FUNCTION = YES;
				GCC_WARN_UNUSED_VARIABLE = YES;
				IPHONEOS_DEPLOYMENT_TARGET = 10.0;
				MTL_ENABLE_DEBUG_INFO = YES;
				ONLY_ACTIVE_ARCH = YES;
				SDKROOT = iphoneos;
				SWIFT_ACTIVE_COMPILATION_CONDITIONS = DEBUG;
				SWIFT_OPTIMIZATION_LEVEL = "-Onone";
				TARGETED_DEVICE_FAMILY = "1,2";
			};
			name = Debug;
		};
		FE32875B1DC0F39200F170E3 /* Release */ = {
			isa = XCBuildConfiguration;
			buildSettings = {
				ALWAYS_SEARCH_USER_PATHS = NO;
				CLANG_ANALYZER_NONNULL = YES;
				CLANG_CXX_LANGUAGE_STANDARD = "gnu++0x";
				CLANG_CXX_LIBRARY = "libc++";
				CLANG_ENABLE_MODULES = YES;
				CLANG_ENABLE_OBJC_ARC = YES;
				CLANG_WARN_BOOL_CONVERSION = YES;
				CLANG_WARN_CONSTANT_CONVERSION = YES;
				CLANG_WARN_DIRECT_OBJC_ISA_USAGE = YES_ERROR;
				CLANG_WARN_DOCUMENTATION_COMMENTS = YES;
				CLANG_WARN_EMPTY_BODY = YES;
				CLANG_WARN_ENUM_CONVERSION = YES;
				CLANG_WARN_INFINITE_RECURSION = YES;
				CLANG_WARN_INT_CONVERSION = YES;
				CLANG_WARN_OBJC_ROOT_CLASS = YES_ERROR;
				CLANG_WARN_SUSPICIOUS_MOVES = YES;
				CLANG_WARN_UNREACHABLE_CODE = YES;
				CLANG_WARN__DUPLICATE_METHOD_MATCH = YES;
				"CODE_SIGN_IDENTITY[sdk=iphoneos*]" = "iPhone Developer";
				COPY_PHASE_STRIP = NO;
				DEBUG_INFORMATION_FORMAT = "dwarf-with-dsym";
				ENABLE_NS_ASSERTIONS = NO;
				ENABLE_STRICT_OBJC_MSGSEND = YES;
				GCC_C_LANGUAGE_STANDARD = gnu99;
				GCC_NO_COMMON_BLOCKS = YES;
				GCC_WARN_64_TO_32_BIT_CONVERSION = YES;
				GCC_WARN_ABOUT_RETURN_TYPE = YES_ERROR;
				GCC_WARN_UNDECLARED_SELECTOR = YES;
				GCC_WARN_UNINITIALIZED_AUTOS = YES_AGGRESSIVE;
				GCC_WARN_UNUSED_FUNCTION = YES;
				GCC_WARN_UNUSED_VARIABLE = YES;
				IPHONEOS_DEPLOYMENT_TARGET = 10.0;
				MTL_ENABLE_DEBUG_INFO = NO;
				SDKROOT = iphoneos;
				SWIFT_OPTIMIZATION_LEVEL = "-Owholemodule";
				TARGETED_DEVICE_FAMILY = "1,2";
				VALIDATE_PRODUCT = YES;
			};
			name = Release;
		};
		FE32875D1DC0F39200F170E3 /* Debug */ = {
			isa = XCBuildConfiguration;
			buildSettings = {
				ASSETCATALOG_COMPILER_APPICON_NAME = AppIcon;
				DEVELOPMENT_TEAM = 2UZLP34WDS;
				INFOPLIST_FILE = AutoLayoutExercise/Info.plist;
				LD_RUNPATH_SEARCH_PATHS = "$(inherited) @executable_path/Frameworks";
				PRODUCT_BUNDLE_IDENTIFIER = com.carrtoonist.AutoLayoutExercise;
				PRODUCT_NAME = "$(TARGET_NAME)";
				SWIFT_VERSION = 3.0;
			};
			name = Debug;
		};
		FE32875E1DC0F39200F170E3 /* Release */ = {
			isa = XCBuildConfiguration;
			buildSettings = {
				ASSETCATALOG_COMPILER_APPICON_NAME = AppIcon;
				DEVELOPMENT_TEAM = 2UZLP34WDS;
				INFOPLIST_FILE = AutoLayoutExercise/Info.plist;
				LD_RUNPATH_SEARCH_PATHS = "$(inherited) @executable_path/Frameworks";
				PRODUCT_BUNDLE_IDENTIFIER = com.carrtoonist.AutoLayoutExercise;
				PRODUCT_NAME = "$(TARGET_NAME)";
				SWIFT_VERSION = 3.0;
			};
			name = Release;
		};
/* End XCBuildConfiguration section */

/* Begin XCConfigurationList section */
		FE3287451DC0F39200F170E3 /* Build configuration list for PBXProject "AutoLayoutExercise" */ = {
			isa = XCConfigurationList;
			buildConfigurations = (
				FE32875A1DC0F39200F170E3 /* Debug */,
				FE32875B1DC0F39200F170E3 /* Release */,
			);
			defaultConfigurationIsVisible = 0;
			defaultConfigurationName = Release;
		};
		FE32875C1DC0F39200F170E3 /* Build configuration list for PBXNativeTarget "AutoLayoutExercise" */ = {
			isa = XCConfigurationList;
			buildConfigurations = (
				FE32875D1DC0F39200F170E3 /* Debug */,
				FE32875E1DC0F39200F170E3 /* Release */,
			);
			defaultConfigurationIsVisible = 0;
		};
/* End XCConfigurationList section */
	};
	rootObject = FE3287421DC0F39200F170E3 /* Project object */;
}
